
Microsoft Visual Studio Solution File, Format Version 12.00
# Visual Studio Version 17
VisualStudioVersion = 17.8.34330.188
MinimumVisualStudioVersion = 10.0.40219.1
Project("{9A19103F-16F7-4668-BE54-9A1E7A4F7556}") = "StockScrapper", "StockScrapper\StockScrapper.csproj", "{DA698C17-3D3D-49F9-8E7C-4DDBCB010518}"
EndProject
Project("{9A19103F-16F7-4668-BE54-9A1E7A4F7556}") = "StockScrapper_App", "StockScrapper_App\StockScrapper_App.csproj", "{6990AAF9-D617-4E03-94A7-A8D783EF7A67}"
EndProject
Project("{9A19103F-16F7-4668-BE54-9A1E7A4F7556}") = "StockScrapper_Database", "StockScrapper_Database\StockScrapper_Database.csproj", "{DF36D5B9-0F83-46FF-BCCF-273C9BA6F79C}"
EndProject
Global
	GlobalSection(SolutionConfigurationPlatforms) = preSolution
		Debug|Any CPU = Debug|Any CPU
		Release|Any CPU = Release|Any CPU
	EndGlobalSection
	GlobalSection(ProjectConfigurationPlatforms) = postSolution
		{DA698C17-3D3D-49F9-8E7C-4DDBCB010518}.Debug|Any CPU.ActiveCfg = Debug|Any CPU
		{DA698C17-3D3D-49F9-8E7C-4DDBCB010518}.Debug|Any CPU.Build.0 = Debug|Any CPU
		{DA698C17-3D3D-49F9-8E7C-4DDBCB010518}.Debug|Any CPU.Deploy.0 = Debug|Any CPU
		{DA698C17-3D3D-49F9-8E7C-4DDBCB010518}.Release|Any CPU.ActiveCfg = Release|Any CPU
		{DA698C17-3D3D-49F9-8E7C-4DDBCB010518}.Release|Any CPU.Build.0 = Release|Any CPU
		{DA698C17-3D3D-49F9-8E7C-4DDBCB010518}.Release|Any CPU.Deploy.0 = Release|Any CPU
		{6990AAF9-D617-4E03-94A7-A8D783EF7A67}.Debug|Any CPU.ActiveCfg = Debug|Any CPU
		{6990AAF9-D617-4E03-94A7-A8D783EF7A67}.Debug|Any CPU.Build.0 = Debug|Any CPU
		{6990AAF9-D617-4E03-94A7-A8D783EF7A67}.Release|Any CPU.ActiveCfg = Release|Any CPU
		{6990AAF9-D617-4E03-94A7-A8D783EF7A67}.Release|Any CPU.Build.0 = Release|Any CPU
		{DF36D5B9-0F83-46FF-BCCF-273C9BA6F79C}.Debug|Any CPU.ActiveCfg = Debug|Any CPU
		{DF36D5B9-0F83-46FF-BCCF-273C9BA6F79C}.Debug|Any CPU.Build.0 = Debug|Any CPU
		{DF36D5B9-0F83-46FF-BCCF-273C9BA6F79C}.Release|Any CPU.ActiveCfg = Release|Any CPU
		{DF36D5B9-0F83-46FF-BCCF-273C9BA6F79C}.Release|Any CPU.Build.0 = Release|Any CPU
	EndGlobalSection
	GlobalSection(SolutionProperties) = preSolution
		HideSolutionNode = FALSE
	EndGlobalSection
	GlobalSection(ExtensibilityGlobals) = postSolution
		SolutionGuid = {B79EDCFE-D395-4A59-84D3-15B384F48074}
	EndGlobalSection
EndGlobal
